
Microsoft Visual Studio Solution File, Format Version 12.00
# Visual Studio 15
VisualStudioVersion = 15.0.28307.271
MinimumVisualStudioVersion = 10.0.40219.1
Project("{FAE04EC0-301F-11D3-BF4B-00C04F79EFBC}") = "IOT_Tree_Clean", "IOT_Tree_Clean\IOT_Tree_Clean.csproj", "{7B8C2BD2-5B23-4618-BBFA-D7609A9A0FE4}"
EndProject
Global
	GlobalSection(SolutionConfigurationPlatforms) = preSolution
		Debug|Any CPU = Debug|Any CPU
		Release|Any CPU = Release|Any CPU
	EndGlobalSection
	GlobalSection(ProjectConfigurationPlatforms) = postSolution
		{7B8C2BD2-5B23-4618-BBFA-D7609A9A0FE4}.Debug|Any CPU.ActiveCfg = Debug|Any CPU
		{7B8C2BD2-5B23-4618-BBFA-D7609A9A0FE4}.Debug|Any CPU.Build.0 = Debug|Any CPU
		{7B8C2BD2-5B23-4618-BBFA-D7609A9A0FE4}.Release|Any CPU.ActiveCfg = Release|Any CPU
		{7B8C2BD2-5B23-4618-BBFA-D7609A9A0FE4}.Release|Any CPU.Build.0 = Release|Any CPU
	EndGlobalSection
	GlobalSection(SolutionProperties) = preSolution
		HideSolutionNode = FALSE
	EndGlobalSection
	GlobalSection(ExtensibilityGlobals) = postSolution
		SolutionGuid = {6EA80590-1737-474F-8EF0-E64F99BFF9BB}
	EndGlobalSection
EndGlobal
